{
  "name": "mobx-taro-demo",
  "version": "1.0.0",
  "lockfileVersion": 1,
  "requires": true,
  "dependencies": {
    "mobx-for-taro": {
      "version": "5.0.3",
      "resolved": "https://registry.npmjs.org/mobx-for-taro/-/mobx-for-taro-5.0.3.tgz",
      "integrity": "sha512-9TAFXP+CG24m0aElunjSIarzwe7Oisl7TvoAQ3cjUtsoF2r5Ia8zDbLGHdY+x8zuh68LU+gKxHMFKFCn8OezGw=="
    }
  }
}
